
Microsoft Visual Studio Solution File, Format Version 12.00
# Visual Studio 14
VisualStudioVersion = 14.0.25123.0
MinimumVisualStudioVersion = 10.0.40219.1
Project("{FAE04EC0-301F-11D3-BF4B-00C04F79EFBC}") = "控制台HelloWorld", "HelloWorlds\控制台HelloWorld.csproj", "{1506A068-6400-4F16-96D5-417AA50B50C7}"
EndProject
Project("{FAE04EC0-301F-11D3-BF4B-00C04F79EFBC}") = "WinFormHelloWorld", "WinFormHelloWorld\WinFormHelloWorld.csproj", "{2AF5DD58-D8D1-47DB-A0BA-418230017A9E}"
EndProject
Project("{FAE04EC0-301F-11D3-BF4B-00C04F79EFBC}") = "WPFHelloWorld", "WPFHelloWorld\WPFHelloWorld.csproj", "{5A4E7C46-C334-44D9-A2D2-55F9E334A0FE}"
EndProject
Project("{FAE04EC0-301F-11D3-BF4B-00C04F79EFBC}") = "WebFormHelloWorld", "WebFormHelloWorld\WebFormHelloWorld.csproj", "{DA74169E-D4FA-43B6-B295-581922859DCE}"
EndProject
Project("{FAE04EC0-301F-11D3-BF4B-00C04F79EFBC}") = "WebMvcHelloWorld", "WebMvcHelloWorld\WebMvcHelloWorld.csproj", "{C51CA3C6-3A3F-41E3-AA72-CC8EAC03FC35}"
EndProject
Project("{FAE04EC0-301F-11D3-BF4B-00C04F79EFBC}") = "UWP_HelloWorld", "UWP_HelloWorld\UWP_HelloWorld.csproj", "{D061B7F0-3673-41A3-83BA-8DBA20417FB6}"
EndProject
Project("{CC5FD16D-436D-48AD-A40C-5A424C6E3E79}") = "AzureCloudHelloWorld", "AzureCloudHelloWorld\AzureCloudHelloWorld.ccproj", "{5107C003-936B-4840-8E41-96C493A7CF7C}"
EndProject
Project("{FAE04EC0-301F-11D3-BF4B-00C04F79EFBC}") = "SayHello", "SayHello\SayHello.csproj", "{49D7E8CA-BCDF-4937-99FA-4FF229EC5967}"
EndProject
Global
	GlobalSection(SolutionConfigurationPlatforms) = preSolution
		Debug|Any CPU = Debug|Any CPU
		Debug|ARM = Debug|ARM
		Debug|x64 = Debug|x64
		Debug|x86 = Debug|x86
		Release|Any CPU = Release|Any CPU
		Release|ARM = Release|ARM
		Release|x64 = Release|x64
		Release|x86 = Release|x86
	EndGlobalSection
	GlobalSection(ProjectConfigurationPlatforms) = postSolution
		{1506A068-6400-4F16-96D5-417AA50B50C7}.Debug|Any CPU.ActiveCfg = Debug|Any CPU
		{1506A068-6400-4F16-96D5-417AA50B50C7}.Debug|Any CPU.Build.0 = Debug|Any CPU
		{1506A068-6400-4F16-96D5-417AA50B50C7}.Debug|ARM.ActiveCfg = Debug|Any CPU
		{1506A068-6400-4F16-96D5-417AA50B50C7}.Debug|ARM.Build.0 = Debug|Any CPU
		{1506A068-6400-4F16-96D5-417AA50B50C7}.Debug|x64.ActiveCfg = Debug|Any CPU
		{1506A068-6400-4F16-96D5-417AA50B50C7}.Debug|x64.Build.0 = Debug|Any CPU
		{1506A068-6400-4F16-96D5-417AA50B50C7}.Debug|x86.ActiveCfg = Debug|Any CPU
		{1506A068-6400-4F16-96D5-417AA50B50C7}.Debug|x86.Build.0 = Debug|Any CPU
		{1506A068-6400-4F16-96D5-417AA50B50C7}.Release|Any CPU.ActiveCfg = Release|Any CPU
		{1506A068-6400-4F16-96D5-417AA50B50C7}.Release|Any CPU.Build.0 = Release|Any CPU
		{1506A068-6400-4F16-96D5-417AA50B50C7}.Release|ARM.ActiveCfg = Release|Any CPU
		{1506A068-6400-4F16-96D5-417AA50B50C7}.Release|ARM.Build.0 = Release|Any CPU
		{1506A068-6400-4F16-96D5-417AA50B50C7}.Release|x64.ActiveCfg = Release|Any CPU
		{1506A068-6400-4F16-96D5-417AA50B50C7}.Release|x64.Build.0 = Release|Any CPU
		{1506A068-6400-4F16-96D5-417AA50B50C7}.Release|x86.ActiveCfg = Release|Any CPU
		{1506A068-6400-4F16-96D5-417AA50B50C7}.Release|x86.Build.0 = Release|Any CPU
		{2AF5DD58-D8D1-47DB-A0BA-418230017A9E}.Debug|Any CPU.ActiveCfg = Debug|Any CPU
		{2AF5DD58-D8D1-47DB-A0BA-418230017A9E}.Debug|Any CPU.Build.0 = Debug|Any CPU
		{2AF5DD58-D8D1-47DB-A0BA-418230017A9E}.Debug|ARM.ActiveCfg = Debug|Any CPU
		{2AF5DD58-D8D1-47DB-A0BA-418230017A9E}.Debug|ARM.Build.0 = Debug|Any CPU
		{2AF5DD58-D8D1-47DB-A0BA-418230017A9E}.Debug|x64.ActiveCfg = Debug|Any CPU
		{2AF5DD58-D8D1-47DB-A0BA-418230017A9E}.Debug|x64.Build.0 = Debug|Any CPU
		{2AF5DD58-D8D1-47DB-A0BA-418230017A9E}.Debug|x86.ActiveCfg = Debug|Any CPU
		{2AF5DD58-D8D1-47DB-A0BA-418230017A9E}.Debug|x86.Build.0 = Debug|Any CPU
		{2AF5DD58-D8D1-47DB-A0BA-418230017A9E}.Release|Any CPU.ActiveCfg = Release|Any CPU
		{2AF5DD58-D8D1-47DB-A0BA-418230017A9E}.Release|Any CPU.Build.0 = Release|Any CPU
		{2AF5DD58-D8D1-47DB-A0BA-418230017A9E}.Release|ARM.ActiveCfg = Release|Any CPU
		{2AF5DD58-D8D1-47DB-A0BA-418230017A9E}.Release|ARM.Build.0 = Release|Any CPU
		{2AF5DD58-D8D1-47DB-A0BA-418230017A9E}.Release|x64.ActiveCfg = Release|Any CPU
		{2AF5DD58-D8D1-47DB-A0BA-418230017A9E}.Release|x64.Build.0 = Release|Any CPU
		{2AF5DD58-D8D1-47DB-A0BA-418230017A9E}.Release|x86.ActiveCfg = Release|Any CPU
		{2AF5DD58-D8D1-47DB-A0BA-418230017A9E}.Release|x86.Build.0 = Release|Any CPU
		{5A4E7C46-C334-44D9-A2D2-55F9E334A0FE}.Debug|Any CPU.ActiveCfg = Debug|Any CPU
		{5A4E7C46-C334-44D9-A2D2-55F9E334A0FE}.Debug|Any CPU.Build.0 = Debug|Any CPU
		{5A4E7C46-C334-44D9-A2D2-55F9E334A0FE}.Debug|ARM.ActiveCfg = Debug|Any CPU
		{5A4E7C46-C334-44D9-A2D2-55F9E334A0FE}.Debug|ARM.Build.0 = Debug|Any CPU
		{5A4E7C46-C334-44D9-A2D2-55F9E334A0FE}.Debug|x64.ActiveCfg = Debug|Any CPU
		{5A4E7C46-C334-44D9-A2D2-55F9E334A0FE}.Debug|x64.Build.0 = Debug|Any CPU
		{5A4E7C46-C334-44D9-A2D2-55F9E334A0FE}.Debug|x86.ActiveCfg = Debug|Any CPU
		{5A4E7C46-C334-44D9-A2D2-55F9E334A0FE}.Debug|x86.Build.0 = Debug|Any CPU
		{5A4E7C46-C334-44D9-A2D2-55F9E334A0FE}.Release|Any CPU.ActiveCfg = Release|Any CPU
		{5A4E7C46-C334-44D9-A2D2-55F9E334A0FE}.Release|Any CPU.Build.0 = Release|Any CPU
		{5A4E7C46-C334-44D9-A2D2-55F9E334A0FE}.Release|ARM.ActiveCfg = Release|Any CPU
		{5A4E7C46-C334-44D9-A2D2-55F9E334A0FE}.Release|ARM.Build.0 = Release|Any CPU
		{5A4E7C46-C334-44D9-A2D2-55F9E334A0FE}.Release|x64.ActiveCfg = Release|Any CPU
		{5A4E7C46-C334-44D9-A2D2-55F9E334A0FE}.Release|x64.Build.0 = Release|Any CPU
		{5A4E7C46-C334-44D9-A2D2-55F9E334A0FE}.Release|x86.ActiveCfg = Release|Any CPU
		{5A4E7C46-C334-44D9-A2D2-55F9E334A0FE}.Release|x86.Build.0 = Release|Any CPU
		{DA74169E-D4FA-43B6-B295-581922859DCE}.Debug|Any CPU.ActiveCfg = Debug|Any CPU
		{DA74169E-D4FA-43B6-B295-581922859DCE}.Debug|Any CPU.Build.0 = Debug|Any CPU
		{DA74169E-D4FA-43B6-B295-581922859DCE}.Debug|ARM.ActiveCfg = Debug|Any CPU
		{DA74169E-D4FA-43B6-B295-581922859DCE}.Debug|ARM.Build.0 = Debug|Any CPU
		{DA74169E-D4FA-43B6-B295-581922859DCE}.Debug|x64.ActiveCfg = Debug|Any CPU
		{DA74169E-D4FA-43B6-B295-581922859DCE}.Debug|x64.Build.0 = Debug|Any CPU
		{DA74169E-D4FA-43B6-B295-581922859DCE}.Debug|x86.ActiveCfg = Debug|Any CPU
		{DA74169E-D4FA-43B6-B295-581922859DCE}.Debug|x86.Build.0 = Debug|Any CPU
		{DA74169E-D4FA-43B6-B295-581922859DCE}.Release|Any CPU.ActiveCfg = Release|Any CPU
		{DA74169E-D4FA-43B6-B295-581922859DCE}.Release|Any CPU.Build.0 = Release|Any CPU
		{DA74169E-D4FA-43B6-B295-581922859DCE}.Release|ARM.ActiveCfg = Release|Any CPU
		{DA74169E-D4FA-43B6-B295-581922859DCE}.Release|ARM.Build.0 = Release|Any CPU
		{DA74169E-D4FA-43B6-B295-581922859DCE}.Release|x64.ActiveCfg = Release|Any CPU
		{DA74169E-D4FA-43B6-B295-581922859DCE}.Release|x64.Build.0 = Release|Any CPU
		{DA74169E-D4FA-43B6-B295-581922859DCE}.Release|x86.ActiveCfg = Release|Any CPU
		{DA74169E-D4FA-43B6-B295-581922859DCE}.Release|x86.Build.0 = Release|Any CPU
		{C51CA3C6-3A3F-41E3-AA72-CC8EAC03FC35}.Debug|Any CPU.ActiveCfg = Debug|Any CPU
		{C51CA3C6-3A3F-41E3-AA72-CC8EAC03FC35}.Debug|Any CPU.Build.0 = Debug|Any CPU
		{C51CA3C6-3A3F-41E3-AA72-CC8EAC03FC35}.Debug|ARM.ActiveCfg = Debug|Any CPU
		{C51CA3C6-3A3F-41E3-AA72-CC8EAC03FC35}.Debug|ARM.Build.0 = Debug|Any CPU
		{C51CA3C6-3A3F-41E3-AA72-CC8EAC03FC35}.Debug|x64.ActiveCfg = Debug|Any CPU
		{C51CA3C6-3A3F-41E3-AA72-CC8EAC03FC35}.Debug|x64.Build.0 = Debug|Any CPU
		{C51CA3C6-3A3F-41E3-AA72-CC8EAC03FC35}.Debug|x86.ActiveCfg = Debug|Any CPU
		{C51CA3C6-3A3F-41E3-AA72-CC8EAC03FC35}.Debug|x86.Build.0 = Debug|Any CPU
		{C51CA3C6-3A3F-41E3-AA72-CC8EAC03FC35}.Release|Any CPU.ActiveCfg = Release|Any CPU
		{C51CA3C6-3A3F-41E3-AA72-CC8EAC03FC35}.Release|Any CPU.Build.0 = Release|Any CPU
		{C51CA3C6-3A3F-41E3-AA72-CC8EAC03FC35}.Release|ARM.ActiveCfg = Release|Any CPU
		{C51CA3C6-3A3F-41E3-AA72-CC8EAC03FC35}.Release|ARM.Build.0 = Release|Any CPU
		{C51CA3C6-3A3F-41E3-AA72-CC8EAC03FC35}.Release|x64.ActiveCfg = Release|Any CPU
		{C51CA3C6-3A3F-41E3-AA72-CC8EAC03FC35}.Release|x64.Build.0 = Release|Any CPU
		{C51CA3C6-3A3F-41E3-AA72-CC8EAC03FC35}.Release|x86.ActiveCfg = Release|Any CPU
		{C51CA3C6-3A3F-41E3-AA72-CC8EAC03FC35}.Release|x86.Build.0 = Release|Any CPU
		{D061B7F0-3673-41A3-83BA-8DBA20417FB6}.Debug|Any CPU.ActiveCfg = Debug|x86
		{D061B7F0-3673-41A3-83BA-8DBA20417FB6}.Debug|ARM.ActiveCfg = Debug|ARM
		{D061B7F0-3673-41A3-83BA-8DBA20417FB6}.Debug|ARM.Build.0 = Debug|ARM
		{D061B7F0-3673-41A3-83BA-8DBA20417FB6}.Debug|ARM.Deploy.0 = Debug|ARM
		{D061B7F0-3673-41A3-83BA-8DBA20417FB6}.Debug|x64.ActiveCfg = Debug|x64
		{D061B7F0-3673-41A3-83BA-8DBA20417FB6}.Debug|x64.Build.0 = Debug|x64
		{D061B7F0-3673-41A3-83BA-8DBA20417FB6}.Debug|x64.Deploy.0 = Debug|x64
		{D061B7F0-3673-41A3-83BA-8DBA20417FB6}.Debug|x86.ActiveCfg = Debug|x86
		{D061B7F0-3673-41A3-83BA-8DBA20417FB6}.Debug|x86.Build.0 = Debug|x86
		{D061B7F0-3673-41A3-83BA-8DBA20417FB6}.Debug|x86.Deploy.0 = Debug|x86
		{D061B7F0-3673-41A3-83BA-8DBA20417FB6}.Release|Any CPU.ActiveCfg = Release|x86
		{D061B7F0-3673-41A3-83BA-8DBA20417FB6}.Release|ARM.ActiveCfg = Release|ARM
		{D061B7F0-3673-41A3-83BA-8DBA20417FB6}.Release|ARM.Build.0 = Release|ARM
		{D061B7F0-3673-41A3-83BA-8DBA20417FB6}.Release|ARM.Deploy.0 = Release|ARM
		{D061B7F0-3673-41A3-83BA-8DBA20417FB6}.Release|x64.ActiveCfg = Release|x64
		{D061B7F0-3673-41A3-83BA-8DBA20417FB6}.Release|x64.Build.0 = Release|x64
		{D061B7F0-3673-41A3-83BA-8DBA20417FB6}.Release|x64.Deploy.0 = Release|x64
		{D061B7F0-3673-41A3-83BA-8DBA20417FB6}.Release|x86.ActiveCfg = Release|x86
		{D061B7F0-3673-41A3-83BA-8DBA20417FB6}.Release|x86.Build.0 = Release|x86
		{D061B7F0-3673-41A3-83BA-8DBA20417FB6}.Release|x86.Deploy.0 = Release|x86
		{5107C003-936B-4840-8E41-96C493A7CF7C}.Debug|Any CPU.ActiveCfg = Debug|Any CPU
		{5107C003-936B-4840-8E41-96C493A7CF7C}.Debug|Any CPU.Build.0 = Debug|Any CPU
		{5107C003-936B-4840-8E41-96C493A7CF7C}.Debug|ARM.ActiveCfg = Debug|Any CPU
		{5107C003-936B-4840-8E41-96C493A7CF7C}.Debug|ARM.Build.0 = Debug|Any CPU
		{5107C003-936B-4840-8E41-96C493A7CF7C}.Debug|x64.ActiveCfg = Debug|Any CPU
		{5107C003-936B-4840-8E41-96C493A7CF7C}.Debug|x64.Build.0 = Debug|Any CPU
		{5107C003-936B-4840-8E41-96C493A7CF7C}.Debug|x86.ActiveCfg = Debug|Any CPU
		{5107C003-936B-4840-8E41-96C493A7CF7C}.Debug|x86.Build.0 = Debug|Any CPU
		{5107C003-936B-4840-8E41-96C493A7CF7C}.Release|Any CPU.ActiveCfg = Release|Any CPU
		{5107C003-936B-4840-8E41-96C493A7CF7C}.Release|Any CPU.Build.0 = Release|Any CPU
		{5107C003-936B-4840-8E41-96C493A7CF7C}.Release|ARM.ActiveCfg = Release|Any CPU
		{5107C003-936B-4840-8E41-96C493A7CF7C}.Release|ARM.Build.0 = Release|Any CPU
		{5107C003-936B-4840-8E41-96C493A7CF7C}.Release|x64.ActiveCfg = Release|Any CPU
		{5107C003-936B-4840-8E41-96C493A7CF7C}.Release|x64.Build.0 = Release|Any CPU
		{5107C003-936B-4840-8E41-96C493A7CF7C}.Release|x86.ActiveCfg = Release|Any CPU
		{5107C003-936B-4840-8E41-96C493A7CF7C}.Release|x86.Build.0 = Release|Any CPU
		{49D7E8CA-BCDF-4937-99FA-4FF229EC5967}.Debug|Any CPU.ActiveCfg = Debug|Any CPU
		{49D7E8CA-BCDF-4937-99FA-4FF229EC5967}.Debug|Any CPU.Build.0 = Debug|Any CPU
		{49D7E8CA-BCDF-4937-99FA-4FF229EC5967}.Debug|ARM.ActiveCfg = Debug|Any CPU
		{49D7E8CA-BCDF-4937-99FA-4FF229EC5967}.Debug|ARM.Build.0 = Debug|Any CPU
		{49D7E8CA-BCDF-4937-99FA-4FF229EC5967}.Debug|x64.ActiveCfg = Debug|Any CPU
		{49D7E8CA-BCDF-4937-99FA-4FF229EC5967}.Debug|x64.Build.0 = Debug|Any CPU
		{49D7E8CA-BCDF-4937-99FA-4FF229EC5967}.Debug|x86.ActiveCfg = Debug|Any CPU
		{49D7E8CA-BCDF-4937-99FA-4FF229EC5967}.Debug|x86.Build.0 = Debug|Any CPU
		{49D7E8CA-BCDF-4937-99FA-4FF229EC5967}.Release|Any CPU.ActiveCfg = Release|Any CPU
		{49D7E8CA-BCDF-4937-99FA-4FF229EC5967}.Release|Any CPU.Build.0 = Release|Any CPU
		{49D7E8CA-BCDF-4937-99FA-4FF229EC5967}.Release|ARM.ActiveCfg = Release|Any CPU
		{49D7E8CA-BCDF-4937-99FA-4FF229EC5967}.Release|ARM.Build.0 = Release|Any CPU
		{49D7E8CA-BCDF-4937-99FA-4FF229EC5967}.Release|x64.ActiveCfg = Release|Any CPU
		{49D7E8CA-BCDF-4937-99FA-4FF229EC5967}.Release|x64.Build.0 = Release|Any CPU
		{49D7E8CA-BCDF-4937-99FA-4FF229EC5967}.Release|x86.ActiveCfg = Release|Any CPU
		{49D7E8CA-BCDF-4937-99FA-4FF229EC5967}.Release|x86.Build.0 = Release|Any CPU
	EndGlobalSection
	GlobalSection(SolutionProperties) = preSolution
		HideSolutionNode = FALSE
	EndGlobalSection
EndGlobal
